
Microsoft Visual Studio Solution File, Format Version 12.00
# Visual Studio Version 17
VisualStudioVersion = 17.2.32616.157
MinimumVisualStudioVersion = 10.0.40219.1
Project("{FAE04EC0-301F-11D3-BF4B-00C04F79EFBC}") = "WordDictionary", "WordDictionary\WordDictionary.csproj", "{A9CF8B88-F6A1-4128-9D4B-21B3171C3416}"
EndProject
Global
	GlobalSection(SolutionConfigurationPlatforms) = preSolution
		Debug|Any CPU = Debug|Any CPU
		Release|Any CPU = Release|Any CPU
	EndGlobalSection
	GlobalSection(ProjectConfigurationPlatforms) = postSolution
		{A9CF8B88-F6A1-4128-9D4B-21B3171C3416}.Debug|Any CPU.ActiveCfg = Debug|Any CPU
		{A9CF8B88-F6A1-4128-9D4B-21B3171C3416}.Debug|Any CPU.Build.0 = Debug|Any CPU
		{A9CF8B88-F6A1-4128-9D4B-21B3171C3416}.Release|Any CPU.ActiveCfg = Release|Any CPU
		{A9CF8B88-F6A1-4128-9D4B-21B3171C3416}.Release|Any CPU.Build.0 = Release|Any CPU
	EndGlobalSection
	GlobalSection(SolutionProperties) = preSolution
		HideSolutionNode = FALSE
	EndGlobalSection
	GlobalSection(ExtensibilityGlobals) = postSolution
		SolutionGuid = {83ED94EA-9126-4DB7-BD70-6EEF0A39EDF3}
	EndGlobalSection
EndGlobal
